
Microsoft Visual Studio Solution File, Format Version 12.00
# Visual Studio Version 17
VisualStudioVersion = 17.3.32922.545
MinimumVisualStudioVersion = 10.0.40219.1
Project("{8BC9CEB8-8B4A-11D0-8D11-00A0C91BC942}") = "BinarySearch", "BinarySearch\BinarySearch.vcxproj", "{FD3D5CD4-DAEF-43EE-BB91-DA3E02E4FE45}"
EndProject
Project("{8BC9CEB8-8B4A-11D0-8D11-00A0C91BC942}") = "BreadthFirstSearch", "BreadthFirstSearch\BreadthFirstSearch.vcxproj", "{4677C932-0848-424B-894F-CBF360A32FEC}"
EndProject
Project("{8BC9CEB8-8B4A-11D0-8D11-00A0C91BC942}") = "MergeSort", "MergeSort\MergeSort.vcxproj", "{C4F936B0-A567-4173-AF8E-CD3C0C1460D4}"
EndProject
Project("{8BC9CEB8-8B4A-11D0-8D11-00A0C91BC942}") = "DepthFirstSearch", "DepthFirstSearch.cpp\DepthFirstSearch.cpp.vcxproj", "{96F5663A-A272-4C0F-A232-129788CCE9C5}"
EndProject
Project("{8BC9CEB8-8B4A-11D0-8D11-00A0C91BC942}") = "QuickSort", "QuickSort.cpp\QuickSort.cpp.vcxproj", "{A2A7A563-16ED-4114-8F4D-332B57F6CA92}"
EndProject
Project("{8BC9CEB8-8B4A-11D0-8D11-00A0C91BC942}") = "DijkstrasAlgorithm", "DijkstrasAlgorithm\DijkstrasAlgorithm.vcxproj", "{BFBA8F7B-5ABC-431F-98E4-B6DA7662713A}"
EndProject
Project("{8BC9CEB8-8B4A-11D0-8D11-00A0C91BC942}") = "BellmanFordAlgorithm", "BellmanFordAlgorithm\BellmanFordAlgorithm.vcxproj", "{5029913D-9200-41D8-A89A-DC042F51DD8B}"
EndProject
Project("{8BC9CEB8-8B4A-11D0-8D11-00A0C91BC942}") = "FloydWarshallAlgorithm", "FloydWarshallAlgorithm\FloydWarshallAlgorithm.vcxproj", "{13DD2B7D-3165-4ED2-9D1C-CF458967EC85}"
EndProject
Project("{8BC9CEB8-8B4A-11D0-8D11-00A0C91BC942}") = "InsertionSort", "InsertionSort\InsertionSort.vcxproj", "{525B9B7C-FD89-4DE3-BD3B-B3097AF46925}"
EndProject
Project("{8BC9CEB8-8B4A-11D0-8D11-00A0C91BC942}") = "CountingSort", "CountingSort\CountingSort.vcxproj", "{FFA6F916-1B20-4857-A097-6881EBC1F1BD}"
EndProject
Project("{8BC9CEB8-8B4A-11D0-8D11-00A0C91BC942}") = "HeapSort", "HeapSort\HeapSort.vcxproj", "{9184D535-D7FB-4D6D-9B9F-F2EE2B22FEAA}"
EndProject
Project("{8BC9CEB8-8B4A-11D0-8D11-00A0C91BC942}") = "KruskalsAlgorithm", "KruskalsAlgorithm\KruskalsAlgorithm.vcxproj", "{FD19CFC2-5B39-4E99-81DF-954ABE46911A}"
EndProject
Project("{8BC9CEB8-8B4A-11D0-8D11-00A0C91BC942}") = "HuffmanCodingCompressionAlgorithm", "HuffmanCodingCompressionAlgorithm\HuffmanCodingCompressionAlgorithm.vcxproj", "{B090D7CD-0CAB-4536-BF9D-4888F5EC630D}"
EndProject
Project("{8BC9CEB8-8B4A-11D0-8D11-00A0C91BC942}") = "TopologicalSort", "TopologicalSort\TopologicalSort.vcxproj", "{A7F15B98-B23A-4792-B351-7974FC568EF6}"
EndProject
Project("{8BC9CEB8-8B4A-11D0-8D11-00A0C91BC942}") = "FloodFillAlgorithm", "FloodFillAlgorithm\FloodFillAlgorithm.vcxproj", "{334A4DB1-4585-4466-99FA-ED345E652D67}"
EndProject
Project("{8BC9CEB8-8B4A-11D0-8D11-00A0C91BC942}") = "LeeAlgorithm", "LeeAlgorithm\LeeAlgorithm.vcxproj", "{85EA2DB7-2BD0-4D11-BA0C-AC5E58515FE4}"
EndProject
Project("{8BC9CEB8-8B4A-11D0-8D11-00A0C91BC942}") = "KadanesAlgorithm", "KadanesAlgorithm\KadanesAlgorithm.vcxproj", "{CFD1C809-CF62-4942-80BD-EDDF5D896F9D}"
EndProject
Project("{8BC9CEB8-8B4A-11D0-8D11-00A0C91BC942}") = "FloydsCycleDetectionAlgorithm", "FloydsCycleDetectionAlgorithm\FloydsCycleDetectionAlgorithm.vcxproj", "{D67412F0-D405-4F9B-8AC3-C4F1A3534F8C}"
EndProject
Project("{8BC9CEB8-8B4A-11D0-8D11-00A0C91BC942}") = "UnionFindAlgorithm", "UnionFindAlgorithm\UnionFindAlgorithm.vcxproj", "{F3D34DC7-F05B-4BEE-9198-FF5977803A65}"
EndProject
Project("{8BC9CEB8-8B4A-11D0-8D11-00A0C91BC942}") = "KMPAlgorithm", "KMPAlgorithm\KMPAlgorithm.vcxproj", "{333C2365-D035-47CE-A2B5-C1D6ABB82044}"
EndProject
Project("{8BC9CEB8-8B4A-11D0-8D11-00A0C91BC942}") = "SelectionSort", "SelectionSort\SelectionSort.vcxproj", "{637B60F8-D73A-4054-8BAE-34E49B9447ED}"
EndProject
Project("{8BC9CEB8-8B4A-11D0-8D11-00A0C91BC942}") = "KhansTopologicalSort", "KhansTopologicalSort\KhansTopologicalSort.vcxproj", "{99711844-C013-4FCF-BEA9-4BC391EDC068}"
EndProject
Project("{8BC9CEB8-8B4A-11D0-8D11-00A0C91BC942}") = "QuickSelect", "QuickSelect\QuickSelect.vcxproj", "{45F659A8-D94B-47F8-9D9D-1B4931797F66}"
EndProject
Project("{8BC9CEB8-8B4A-11D0-8D11-00A0C91BC942}") = "Boyer-MooreMajorityVote", "Boyer-MooreMajorityVote\Boyer-MooreMajorityVote.vcxproj", "{CC79CC10-6E82-48DF-B0F5-CCB6893886C8}"
EndProject
Project("{8BC9CEB8-8B4A-11D0-8D11-00A0C91BC942}") = "EuclidsAlgorithm", "EuclidsAlgorithm\EuclidsAlgorithm.vcxproj", "{071B5A1C-55B1-4E99-A0C4-EE9BB85B7083}"
EndProject
Project("{8BC9CEB8-8B4A-11D0-8D11-00A0C91BC942}") = "BubbleSort", "BubbleSort\BubbleSort.vcxproj", "{AED5C177-6EA8-4488-A7C0-D433E1955D6F}"
EndProject
Global
	GlobalSection(SolutionConfigurationPlatforms) = preSolution
		Debug|x64 = Debug|x64
		Debug|x86 = Debug|x86
		Release|x64 = Release|x64
		Release|x86 = Release|x86
	EndGlobalSection
	GlobalSection(ProjectConfigurationPlatforms) = postSolution
		{FD3D5CD4-DAEF-43EE-BB91-DA3E02E4FE45}.Debug|x64.ActiveCfg = Debug|x64
		{FD3D5CD4-DAEF-43EE-BB91-DA3E02E4FE45}.Debug|x64.Build.0 = Debug|x64
		{FD3D5CD4-DAEF-43EE-BB91-DA3E02E4FE45}.Debug|x86.ActiveCfg = Debug|Win32
		{FD3D5CD4-DAEF-43EE-BB91-DA3E02E4FE45}.Debug|x86.Build.0 = Debug|Win32
		{FD3D5CD4-DAEF-43EE-BB91-DA3E02E4FE45}.Release|x64.ActiveCfg = Release|x64
		{FD3D5CD4-DAEF-43EE-BB91-DA3E02E4FE45}.Release|x64.Build.0 = Release|x64
		{FD3D5CD4-DAEF-43EE-BB91-DA3E02E4FE45}.Release|x86.ActiveCfg = Release|Win32
		{FD3D5CD4-DAEF-43EE-BB91-DA3E02E4FE45}.Release|x86.Build.0 = Release|Win32
		{4677C932-0848-424B-894F-CBF360A32FEC}.Debug|x64.ActiveCfg = Debug|x64
		{4677C932-0848-424B-894F-CBF360A32FEC}.Debug|x64.Build.0 = Debug|x64
		{4677C932-0848-424B-894F-CBF360A32FEC}.Debug|x86.ActiveCfg = Debug|Win32
		{4677C932-0848-424B-894F-CBF360A32FEC}.Debug|x86.Build.0 = Debug|Win32
		{4677C932-0848-424B-894F-CBF360A32FEC}.Release|x64.ActiveCfg = Release|x64
		{4677C932-0848-424B-894F-CBF360A32FEC}.Release|x64.Build.0 = Release|x64
		{4677C932-0848-424B-894F-CBF360A32FEC}.Release|x86.ActiveCfg = Release|Win32
		{4677C932-0848-424B-894F-CBF360A32FEC}.Release|x86.Build.0 = Release|Win32
		{C4F936B0-A567-4173-AF8E-CD3C0C1460D4}.Debug|x64.ActiveCfg = Debug|x64
		{C4F936B0-A567-4173-AF8E-CD3C0C1460D4}.Debug|x64.Build.0 = Debug|x64
		{C4F936B0-A567-4173-AF8E-CD3C0C1460D4}.Debug|x86.ActiveCfg = Debug|Win32
		{C4F936B0-A567-4173-AF8E-CD3C0C1460D4}.Debug|x86.Build.0 = Debug|Win32
		{C4F936B0-A567-4173-AF8E-CD3C0C1460D4}.Release|x64.ActiveCfg = Release|x64
		{C4F936B0-A567-4173-AF8E-CD3C0C1460D4}.Release|x64.Build.0 = Release|x64
		{C4F936B0-A567-4173-AF8E-CD3C0C1460D4}.Release|x86.ActiveCfg = Release|Win32
		{C4F936B0-A567-4173-AF8E-CD3C0C1460D4}.Release|x86.Build.0 = Release|Win32
		{96F5663A-A272-4C0F-A232-129788CCE9C5}.Debug|x64.ActiveCfg = Debug|x64
		{96F5663A-A272-4C0F-A232-129788CCE9C5}.Debug|x64.Build.0 = Debug|x64
		{96F5663A-A272-4C0F-A232-129788CCE9C5}.Debug|x86.ActiveCfg = Debug|Win32
		{96F5663A-A272-4C0F-A232-129788CCE9C5}.Debug|x86.Build.0 = Debug|Win32
		{96F5663A-A272-4C0F-A232-129788CCE9C5}.Release|x64.ActiveCfg = Release|x64
		{96F5663A-A272-4C0F-A232-129788CCE9C5}.Release|x64.Build.0 = Release|x64
		{96F5663A-A272-4C0F-A232-129788CCE9C5}.Release|x86.ActiveCfg = Release|Win32
		{96F5663A-A272-4C0F-A232-129788CCE9C5}.Release|x86.Build.0 = Release|Win32
		{A2A7A563-16ED-4114-8F4D-332B57F6CA92}.Debug|x64.ActiveCfg = Debug|x64
		{A2A7A563-16ED-4114-8F4D-332B57F6CA92}.Debug|x64.Build.0 = Debug|x64
		{A2A7A563-16ED-4114-8F4D-332B57F6CA92}.Debug|x86.ActiveCfg = Debug|Win32
		{A2A7A563-16ED-4114-8F4D-332B57F6CA92}.Debug|x86.Build.0 = Debug|Win32
		{A2A7A563-16ED-4114-8F4D-332B57F6CA92}.Release|x64.ActiveCfg = Release|x64
		{A2A7A563-16ED-4114-8F4D-332B57F6CA92}.Release|x64.Build.0 = Release|x64
		{A2A7A563-16ED-4114-8F4D-332B57F6CA92}.Release|x86.ActiveCfg = Release|Win32
		{A2A7A563-16ED-4114-8F4D-332B57F6CA92}.Release|x86.Build.0 = Release|Win32
		{BFBA8F7B-5ABC-431F-98E4-B6DA7662713A}.Debug|x64.ActiveCfg = Debug|x64
		{BFBA8F7B-5ABC-431F-98E4-B6DA7662713A}.Debug|x64.Build.0 = Debug|x64
		{BFBA8F7B-5ABC-431F-98E4-B6DA7662713A}.Debug|x86.ActiveCfg = Debug|Win32
		{BFBA8F7B-5ABC-431F-98E4-B6DA7662713A}.Debug|x86.Build.0 = Debug|Win32
		{BFBA8F7B-5ABC-431F-98E4-B6DA7662713A}.Release|x64.ActiveCfg = Release|x64
		{BFBA8F7B-5ABC-431F-98E4-B6DA7662713A}.Release|x64.Build.0 = Release|x64
		{BFBA8F7B-5ABC-431F-98E4-B6DA7662713A}.Release|x86.ActiveCfg = Release|Win32
		{BFBA8F7B-5ABC-431F-98E4-B6DA7662713A}.Release|x86.Build.0 = Release|Win32
		{5029913D-9200-41D8-A89A-DC042F51DD8B}.Debug|x64.ActiveCfg = Debug|x64
		{5029913D-9200-41D8-A89A-DC042F51DD8B}.Debug|x64.Build.0 = Debug|x64
		{5029913D-9200-41D8-A89A-DC042F51DD8B}.Debug|x86.ActiveCfg = Debug|Win32
		{5029913D-9200-41D8-A89A-DC042F51DD8B}.Debug|x86.Build.0 = Debug|Win32
		{5029913D-9200-41D8-A89A-DC042F51DD8B}.Release|x64.ActiveCfg = Release|x64
		{5029913D-9200-41D8-A89A-DC042F51DD8B}.Release|x64.Build.0 = Release|x64
		{5029913D-9200-41D8-A89A-DC042F51DD8B}.Release|x86.ActiveCfg = Release|Win32
		{5029913D-9200-41D8-A89A-DC042F51DD8B}.Release|x86.Build.0 = Release|Win32
		{13DD2B7D-3165-4ED2-9D1C-CF458967EC85}.Debug|x64.ActiveCfg = Debug|x64
		{13DD2B7D-3165-4ED2-9D1C-CF458967EC85}.Debug|x64.Build.0 = Debug|x64
		{13DD2B7D-3165-4ED2-9D1C-CF458967EC85}.Debug|x86.ActiveCfg = Debug|Win32
		{13DD2B7D-3165-4ED2-9D1C-CF458967EC85}.Debug|x86.Build.0 = Debug|Win32
		{13DD2B7D-3165-4ED2-9D1C-CF458967EC85}.Release|x64.ActiveCfg = Release|x64
		{13DD2B7D-3165-4ED2-9D1C-CF458967EC85}.Release|x64.Build.0 = Release|x64
		{13DD2B7D-3165-4ED2-9D1C-CF458967EC85}.Release|x86.ActiveCfg = Release|Win32
		{13DD2B7D-3165-4ED2-9D1C-CF458967EC85}.Release|x86.Build.0 = Release|Win32
		{525B9B7C-FD89-4DE3-BD3B-B3097AF46925}.Debug|x64.ActiveCfg = Debug|x64
		{525B9B7C-FD89-4DE3-BD3B-B3097AF46925}.Debug|x64.Build.0 = Debug|x64
		{525B9B7C-FD89-4DE3-BD3B-B3097AF46925}.Debug|x86.ActiveCfg = Debug|Win32
		{525B9B7C-FD89-4DE3-BD3B-B3097AF46925}.Debug|x86.Build.0 = Debug|Win32
		{525B9B7C-FD89-4DE3-BD3B-B3097AF46925}.Release|x64.ActiveCfg = Release|x64
		{525B9B7C-FD89-4DE3-BD3B-B3097AF46925}.Release|x64.Build.0 = Release|x64
		{525B9B7C-FD89-4DE3-BD3B-B3097AF46925}.Release|x86.ActiveCfg = Release|Win32
		{525B9B7C-FD89-4DE3-BD3B-B3097AF46925}.Release|x86.Build.0 = Release|Win32
		{FFA6F916-1B20-4857-A097-6881EBC1F1BD}.Debug|x64.ActiveCfg = Debug|x64
		{FFA6F916-1B20-4857-A097-6881EBC1F1BD}.Debug|x64.Build.0 = Debug|x64
		{FFA6F916-1B20-4857-A097-6881EBC1F1BD}.Debug|x86.ActiveCfg = Debug|Win32
		{FFA6F916-1B20-4857-A097-6881EBC1F1BD}.Debug|x86.Build.0 = Debug|Win32
		{FFA6F916-1B20-4857-A097-6881EBC1F1BD}.Release|x64.ActiveCfg = Release|x64
		{FFA6F916-1B20-4857-A097-6881EBC1F1BD}.Release|x64.Build.0 = Release|x64
		{FFA6F916-1B20-4857-A097-6881EBC1F1BD}.Release|x86.ActiveCfg = Release|Win32
		{FFA6F916-1B20-4857-A097-6881EBC1F1BD}.Release|x86.Build.0 = Release|Win32
		{9184D535-D7FB-4D6D-9B9F-F2EE2B22FEAA}.Debug|x64.ActiveCfg = Debug|x64
		{9184D535-D7FB-4D6D-9B9F-F2EE2B22FEAA}.Debug|x64.Build.0 = Debug|x64
		{9184D535-D7FB-4D6D-9B9F-F2EE2B22FEAA}.Debug|x86.ActiveCfg = Debug|Win32
		{9184D535-D7FB-4D6D-9B9F-F2EE2B22FEAA}.Debug|x86.Build.0 = Debug|Win32
		{9184D535-D7FB-4D6D-9B9F-F2EE2B22FEAA}.Release|x64.ActiveCfg = Release|x64
		{9184D535-D7FB-4D6D-9B9F-F2EE2B22FEAA}.Release|x64.Build.0 = Release|x64
		{9184D535-D7FB-4D6D-9B9F-F2EE2B22FEAA}.Release|x86.ActiveCfg = Release|Win32
		{9184D535-D7FB-4D6D-9B9F-F2EE2B22FEAA}.Release|x86.Build.0 = Release|Win32
		{FD19CFC2-5B39-4E99-81DF-954ABE46911A}.Debug|x64.ActiveCfg = Debug|x64
		{FD19CFC2-5B39-4E99-81DF-954ABE46911A}.Debug|x64.Build.0 = Debug|x64
		{FD19CFC2-5B39-4E99-81DF-954ABE46911A}.Debug|x86.ActiveCfg = Debug|Win32
		{FD19CFC2-5B39-4E99-81DF-954ABE46911A}.Debug|x86.Build.0 = Debug|Win32
		{FD19CFC2-5B39-4E99-81DF-954ABE46911A}.Release|x64.ActiveCfg = Release|x64
		{FD19CFC2-5B39-4E99-81DF-954ABE46911A}.Release|x64.Build.0 = Release|x64
		{FD19CFC2-5B39-4E99-81DF-954ABE46911A}.Release|x86.ActiveCfg = Release|Win32
		{FD19CFC2-5B39-4E99-81DF-954ABE46911A}.Release|x86.Build.0 = Release|Win32
		{B090D7CD-0CAB-4536-BF9D-4888F5EC630D}.Debug|x64.ActiveCfg = Debug|x64
		{B090D7CD-0CAB-4536-BF9D-4888F5EC630D}.Debug|x64.Build.0 = Debug|x64
		{B090D7CD-0CAB-4536-BF9D-4888F5EC630D}.Debug|x86.ActiveCfg = Debug|Win32
		{B090D7CD-0CAB-4536-BF9D-4888F5EC630D}.Debug|x86.Build.0 = Debug|Win32
		{B090D7CD-0CAB-4536-BF9D-4888F5EC630D}.Release|x64.ActiveCfg = Release|x64
		{B090D7CD-0CAB-4536-BF9D-4888F5EC630D}.Release|x64.Build.0 = Release|x64
		{B090D7CD-0CAB-4536-BF9D-4888F5EC630D}.Release|x86.ActiveCfg = Release|Win32
		{B090D7CD-0CAB-4536-BF9D-4888F5EC630D}.Release|x86.Build.0 = Release|Win32
		{A7F15B98-B23A-4792-B351-7974FC568EF6}.Debug|x64.ActiveCfg = Debug|x64
		{A7F15B98-B23A-4792-B351-7974FC568EF6}.Debug|x64.Build.0 = Debug|x64
		{A7F15B98-B23A-4792-B351-7974FC568EF6}.Debug|x86.ActiveCfg = Debug|Win32
		{A7F15B98-B23A-4792-B351-7974FC568EF6}.Debug|x86.Build.0 = Debug|Win32
		{A7F15B98-B23A-4792-B351-7974FC568EF6}.Release|x64.ActiveCfg = Release|x64
		{A7F15B98-B23A-4792-B351-7974FC568EF6}.Release|x64.Build.0 = Release|x64
		{A7F15B98-B23A-4792-B351-7974FC568EF6}.Release|x86.ActiveCfg = Release|Win32
		{A7F15B98-B23A-4792-B351-7974FC568EF6}.Release|x86.Build.0 = Release|Win32
		{334A4DB1-4585-4466-99FA-ED345E652D67}.Debug|x64.ActiveCfg = Debug|x64
		{334A4DB1-4585-4466-99FA-ED345E652D67}.Debug|x64.Build.0 = Debug|x64
		{334A4DB1-4585-4466-99FA-ED345E652D67}.Debug|x86.ActiveCfg = Debug|Win32
		{334A4DB1-4585-4466-99FA-ED345E652D67}.Debug|x86.Build.0 = Debug|Win32
		{334A4DB1-4585-4466-99FA-ED345E652D67}.Release|x64.ActiveCfg = Release|x64
		{334A4DB1-4585-4466-99FA-ED345E652D67}.Release|x64.Build.0 = Release|x64
		{334A4DB1-4585-4466-99FA-ED345E652D67}.Release|x86.ActiveCfg = Release|Win32
		{334A4DB1-4585-4466-99FA-ED345E652D67}.Release|x86.Build.0 = Release|Win32
		{85EA2DB7-2BD0-4D11-BA0C-AC5E58515FE4}.Debug|x64.ActiveCfg = Debug|x64
		{85EA2DB7-2BD0-4D11-BA0C-AC5E58515FE4}.Debug|x64.Build.0 = Debug|x64
		{85EA2DB7-2BD0-4D11-BA0C-AC5E58515FE4}.Debug|x86.ActiveCfg = Debug|Win32
		{85EA2DB7-2BD0-4D11-BA0C-AC5E58515FE4}.Debug|x86.Build.0 = Debug|Win32
		{85EA2DB7-2BD0-4D11-BA0C-AC5E58515FE4}.Release|x64.ActiveCfg = Release|x64
		{85EA2DB7-2BD0-4D11-BA0C-AC5E58515FE4}.Release|x64.Build.0 = Release|x64
		{85EA2DB7-2BD0-4D11-BA0C-AC5E58515FE4}.Release|x86.ActiveCfg = Release|Win32
		{85EA2DB7-2BD0-4D11-BA0C-AC5E58515FE4}.Release|x86.Build.0 = Release|Win32
		{CFD1C809-CF62-4942-80BD-EDDF5D896F9D}.Debug|x64.ActiveCfg = Debug|x64
		{CFD1C809-CF62-4942-80BD-EDDF5D896F9D}.Debug|x64.Build.0 = Debug|x64
		{CFD1C809-CF62-4942-80BD-EDDF5D896F9D}.Debug|x86.ActiveCfg = Debug|Win32
		{CFD1C809-CF62-4942-80BD-EDDF5D896F9D}.Debug|x86.Build.0 = Debug|Win32
		{CFD1C809-CF62-4942-80BD-EDDF5D896F9D}.Release|x64.ActiveCfg = Release|x64
		{CFD1C809-CF62-4942-80BD-EDDF5D896F9D}.Release|x64.Build.0 = Release|x64
		{CFD1C809-CF62-4942-80BD-EDDF5D896F9D}.Release|x86.ActiveCfg = Release|Win32
		{CFD1C809-CF62-4942-80BD-EDDF5D896F9D}.Release|x86.Build.0 = Release|Win32
		{D67412F0-D405-4F9B-8AC3-C4F1A3534F8C}.Debug|x64.ActiveCfg = Debug|x64
		{D67412F0-D405-4F9B-8AC3-C4F1A3534F8C}.Debug|x64.Build.0 = Debug|x64
		{D67412F0-D405-4F9B-8AC3-C4F1A3534F8C}.Debug|x86.ActiveCfg = Debug|Win32
		{D67412F0-D405-4F9B-8AC3-C4F1A3534F8C}.Debug|x86.Build.0 = Debug|Win32
		{D67412F0-D405-4F9B-8AC3-C4F1A3534F8C}.Release|x64.ActiveCfg = Release|x64
		{D67412F0-D405-4F9B-8AC3-C4F1A3534F8C}.Release|x64.Build.0 = Release|x64
		{D67412F0-D405-4F9B-8AC3-C4F1A3534F8C}.Release|x86.ActiveCfg = Release|Win32
		{D67412F0-D405-4F9B-8AC3-C4F1A3534F8C}.Release|x86.Build.0 = Release|Win32
		{F3D34DC7-F05B-4BEE-9198-FF5977803A65}.Debug|x64.ActiveCfg = Debug|x64
		{F3D34DC7-F05B-4BEE-9198-FF5977803A65}.Debug|x64.Build.0 = Debug|x64
		{F3D34DC7-F05B-4BEE-9198-FF5977803A65}.Debug|x86.ActiveCfg = Debug|Win32
		{F3D34DC7-F05B-4BEE-9198-FF5977803A65}.Debug|x86.Build.0 = Debug|Win32
		{F3D34DC7-F05B-4BEE-9198-FF5977803A65}.Release|x64.ActiveCfg = Release|x64
		{F3D34DC7-F05B-4BEE-9198-FF5977803A65}.Release|x64.Build.0 = Release|x64
		{F3D34DC7-F05B-4BEE-9198-FF5977803A65}.Release|x86.ActiveCfg = Release|Win32
		{F3D34DC7-F05B-4BEE-9198-FF5977803A65}.Release|x86.Build.0 = Release|Win32
		{333C2365-D035-47CE-A2B5-C1D6ABB82044}.Debug|x64.ActiveCfg = Debug|x64
		{333C2365-D035-47CE-A2B5-C1D6ABB82044}.Debug|x64.Build.0 = Debug|x64
		{333C2365-D035-47CE-A2B5-C1D6ABB82044}.Debug|x86.ActiveCfg = Debug|Win32
		{333C2365-D035-47CE-A2B5-C1D6ABB82044}.Debug|x86.Build.0 = Debug|Win32
		{333C2365-D035-47CE-A2B5-C1D6ABB82044}.Release|x64.ActiveCfg = Release|x64
		{333C2365-D035-47CE-A2B5-C1D6ABB82044}.Release|x64.Build.0 = Release|x64
		{333C2365-D035-47CE-A2B5-C1D6ABB82044}.Release|x86.ActiveCfg = Release|Win32
		{333C2365-D035-47CE-A2B5-C1D6ABB82044}.Release|x86.Build.0 = Release|Win32
		{637B60F8-D73A-4054-8BAE-34E49B9447ED}.Debug|x64.ActiveCfg = Debug|x64
		{637B60F8-D73A-4054-8BAE-34E49B9447ED}.Debug|x64.Build.0 = Debug|x64
		{637B60F8-D73A-4054-8BAE-34E49B9447ED}.Debug|x86.ActiveCfg = Debug|Win32
		{637B60F8-D73A-4054-8BAE-34E49B9447ED}.Debug|x86.Build.0 = Debug|Win32
		{637B60F8-D73A-4054-8BAE-34E49B9447ED}.Release|x64.ActiveCfg = Release|x64
		{637B60F8-D73A-4054-8BAE-34E49B9447ED}.Release|x64.Build.0 = Release|x64
		{637B60F8-D73A-4054-8BAE-34E49B9447ED}.Release|x86.ActiveCfg = Release|Win32
		{637B60F8-D73A-4054-8BAE-34E49B9447ED}.Release|x86.Build.0 = Release|Win32
		{99711844-C013-4FCF-BEA9-4BC391EDC068}.Debug|x64.ActiveCfg = Debug|x64
		{99711844-C013-4FCF-BEA9-4BC391EDC068}.Debug|x64.Build.0 = Debug|x64
		{99711844-C013-4FCF-BEA9-4BC391EDC068}.Debug|x86.ActiveCfg = Debug|Win32
		{99711844-C013-4FCF-BEA9-4BC391EDC068}.Debug|x86.Build.0 = Debug|Win32
		{99711844-C013-4FCF-BEA9-4BC391EDC068}.Release|x64.ActiveCfg = Release|x64
		{99711844-C013-4FCF-BEA9-4BC391EDC068}.Release|x64.Build.0 = Release|x64
		{99711844-C013-4FCF-BEA9-4BC391EDC068}.Release|x86.ActiveCfg = Release|Win32
		{99711844-C013-4FCF-BEA9-4BC391EDC068}.Release|x86.Build.0 = Release|Win32
		{45F659A8-D94B-47F8-9D9D-1B4931797F66}.Debug|x64.ActiveCfg = Debug|x64
		{45F659A8-D94B-47F8-9D9D-1B4931797F66}.Debug|x64.Build.0 = Debug|x64
		{45F659A8-D94B-47F8-9D9D-1B4931797F66}.Debug|x86.ActiveCfg = Debug|Win32
		{45F659A8-D94B-47F8-9D9D-1B4931797F66}.Debug|x86.Build.0 = Debug|Win32
		{45F659A8-D94B-47F8-9D9D-1B4931797F66}.Release|x64.ActiveCfg = Release|x64
		{45F659A8-D94B-47F8-9D9D-1B4931797F66}.Release|x64.Build.0 = Release|x64
		{45F659A8-D94B-47F8-9D9D-1B4931797F66}.Release|x86.ActiveCfg = Release|Win32
		{45F659A8-D94B-47F8-9D9D-1B4931797F66}.Release|x86.Build.0 = Release|Win32
		{CC79CC10-6E82-48DF-B0F5-CCB6893886C8}.Debug|x64.ActiveCfg = Debug|x64
		{CC79CC10-6E82-48DF-B0F5-CCB6893886C8}.Debug|x64.Build.0 = Debug|x64
		{CC79CC10-6E82-48DF-B0F5-CCB6893886C8}.Debug|x86.ActiveCfg = Debug|Win32
		{CC79CC10-6E82-48DF-B0F5-CCB6893886C8}.Debug|x86.Build.0 = Debug|Win32
		{CC79CC10-6E82-48DF-B0F5-CCB6893886C8}.Release|x64.ActiveCfg = Release|x64
		{CC79CC10-6E82-48DF-B0F5-CCB6893886C8}.Release|x64.Build.0 = Release|x64
		{CC79CC10-6E82-48DF-B0F5-CCB6893886C8}.Release|x86.ActiveCfg = Release|Win32
		{CC79CC10-6E82-48DF-B0F5-CCB6893886C8}.Release|x86.Build.0 = Release|Win32
		{071B5A1C-55B1-4E99-A0C4-EE9BB85B7083}.Debug|x64.ActiveCfg = Debug|x64
		{071B5A1C-55B1-4E99-A0C4-EE9BB85B7083}.Debug|x64.Build.0 = Debug|x64
		{071B5A1C-55B1-4E99-A0C4-EE9BB85B7083}.Debug|x86.ActiveCfg = Debug|Win32
		{071B5A1C-55B1-4E99-A0C4-EE9BB85B7083}.Debug|x86.Build.0 = Debug|Win32
		{071B5A1C-55B1-4E99-A0C4-EE9BB85B7083}.Release|x64.ActiveCfg = Release|x64
		{071B5A1C-55B1-4E99-A0C4-EE9BB85B7083}.Release|x64.Build.0 = Release|x64
		{071B5A1C-55B1-4E99-A0C4-EE9BB85B7083}.Release|x86.ActiveCfg = Release|Win32
		{071B5A1C-55B1-4E99-A0C4-EE9BB85B7083}.Release|x86.Build.0 = Release|Win32
		{AED5C177-6EA8-4488-A7C0-D433E1955D6F}.Debug|x64.ActiveCfg = Debug|x64
		{AED5C177-6EA8-4488-A7C0-D433E1955D6F}.Debug|x64.Build.0 = Debug|x64
		{AED5C177-6EA8-4488-A7C0-D433E1955D6F}.Debug|x86.ActiveCfg = Debug|Win32
		{AED5C177-6EA8-4488-A7C0-D433E1955D6F}.Debug|x86.Build.0 = Debug|Win32
		{AED5C177-6EA8-4488-A7C0-D433E1955D6F}.Release|x64.ActiveCfg = Release|x64
		{AED5C177-6EA8-4488-A7C0-D433E1955D6F}.Release|x64.Build.0 = Release|x64
		{AED5C177-6EA8-4488-A7C0-D433E1955D6F}.Release|x86.ActiveCfg = Release|Win32
		{AED5C177-6EA8-4488-A7C0-D433E1955D6F}.Release|x86.Build.0 = Release|Win32
	EndGlobalSection
	GlobalSection(SolutionProperties) = preSolution
		HideSolutionNode = FALSE
	EndGlobalSection
	GlobalSection(ExtensibilityGlobals) = postSolution
		SolutionGuid = {0A4F5822-9A21-4F19-A421-B73DB3247B8C}
	EndGlobalSection
EndGlobal
